dependencies:
- name: airflow
  repository: https://airflow-helm.github.io/charts
  version: 8.1.3
- name: elasticsearch
  repository: https://helm.elastic.co
  version: 7.16.3
- name: redis
  repository: https://charts.bitnami.com/bitnami
  version: 15.4.1
- name: tranql
  repository: http://localhost:8080/
  version: 0.2.1
digest: sha256:f426d06d2bcd123666d79f9395e58c2727be494a29a7d6f8d87c35ce1d9a53ec
generated: "2022-02-04T15:30:10.114429-05:00"
